github.com/gokrazy/rpi-eeprom v0.0.0-20241022033733-fa14155a4c45 h1:UyFDHst4zElBeVUqqKyEdRwpJvpwGrhr4hjOwnxfiB0=
github.com/gokrazy/rpi-eeprom v0.0.0-20241022033733-fa14155a4c45/go.mod h1:vabxV1M+i6S3rGuWoFieHxCJW3jlob3rqe0KV82j+0o=
golang.org/x/sync v0.0.0-20200317015054-43a5402ce75a/go.mod h1:RxMgew5VJxzue5/jJTE5uejpjVlOe/izrB70Jof72aM=
